
Microsoft Visual Studio Solution File, Format Version 12.00
# Visual Studio Version 17
VisualStudioVersion = 17.2.32516.85
MinimumVisualStudioVersion = 10.0.40219.1
Project("{9A19103F-16F7-4668-BE54-9A1E7A4F7556}") = "StoreAPI", "StoreAPI\StoreAPI.csproj", "{9AC672D7-D2E1-4A6E-98D1-CB8E8ECA8541}"
EndProject
Project("{9A19103F-16F7-4668-BE54-9A1E7A4F7556}") = "StoreAPI.Contracts", "StoreAPI.Contracts\StoreAPI.Contracts.csproj", "{907AE473-22BC-42B2-98E1-8840664412B9}"
EndProject
Project("{9A19103F-16F7-4668-BE54-9A1E7A4F7556}") = "StoreAPI.Domain", "StoreAPI.Domain\StoreAPI.Domain.csproj", "{9C3ABCCA-1776-4DA8-961A-AAD1CC96A5EF}"
	ProjectSection(ProjectDependencies) = postProject
		{43249F1E-5A80-476A-B625-37E8FA910FCC} = {43249F1E-5A80-476A-B625-37E8FA910FCC}
		{907AE473-22BC-42B2-98E1-8840664412B9} = {907AE473-22BC-42B2-98E1-8840664412B9}
	EndProjectSection
EndProject
Project("{9A19103F-16F7-4668-BE54-9A1E7A4F7556}") = "StoreAPI.Models", "StoreAPI.Models\StoreAPI.Models.csproj", "{43249F1E-5A80-476A-B625-37E8FA910FCC}"
EndProject
Project("{9A19103F-16F7-4668-BE54-9A1E7A4F7556}") = "StoreAPI.Data", "StoreAPI.Data\StoreAPI.Data.csproj", "{50070C98-B798-48EA-AC81-39E5E1591D9B}"
EndProject
Project("{FAE04EC0-301F-11D3-BF4B-00C04F79EFBC}") = "StoreAPI.Tests", "StoreAPI.Tests\StoreAPI.Tests.csproj", "{443D28E2-99C6-4348-B1F3-BBD752B3DAB2}"
EndProject
Global
	GlobalSection(SolutionConfigurationPlatforms) = preSolution
		Debug|Any CPU = Debug|Any CPU
		Release|Any CPU = Release|Any CPU
	EndGlobalSection
	GlobalSection(ProjectConfigurationPlatforms) = postSolution
		{9AC672D7-D2E1-4A6E-98D1-CB8E8ECA8541}.Debug|Any CPU.ActiveCfg = Debug|Any CPU
		{9AC672D7-D2E1-4A6E-98D1-CB8E8ECA8541}.Debug|Any CPU.Build.0 = Debug|Any CPU
		{9AC672D7-D2E1-4A6E-98D1-CB8E8ECA8541}.Release|Any CPU.ActiveCfg = Release|Any CPU
		{9AC672D7-D2E1-4A6E-98D1-CB8E8ECA8541}.Release|Any CPU.Build.0 = Release|Any CPU
		{907AE473-22BC-42B2-98E1-8840664412B9}.Debug|Any CPU.ActiveCfg = Debug|Any CPU
		{907AE473-22BC-42B2-98E1-8840664412B9}.Debug|Any CPU.Build.0 = Debug|Any CPU
		{907AE473-22BC-42B2-98E1-8840664412B9}.Release|Any CPU.ActiveCfg = Release|Any CPU
		{907AE473-22BC-42B2-98E1-8840664412B9}.Release|Any CPU.Build.0 = Release|Any CPU
		{9C3ABCCA-1776-4DA8-961A-AAD1CC96A5EF}.Debug|Any CPU.ActiveCfg = Debug|Any CPU
		{9C3ABCCA-1776-4DA8-961A-AAD1CC96A5EF}.Debug|Any CPU.Build.0 = Debug|Any CPU
		{9C3ABCCA-1776-4DA8-961A-AAD1CC96A5EF}.Release|Any CPU.ActiveCfg = Release|Any CPU
		{9C3ABCCA-1776-4DA8-961A-AAD1CC96A5EF}.Release|Any CPU.Build.0 = Release|Any CPU
		{43249F1E-5A80-476A-B625-37E8FA910FCC}.Debug|Any CPU.ActiveCfg = Debug|Any CPU
		{43249F1E-5A80-476A-B625-37E8FA910FCC}.Debug|Any CPU.Build.0 = Debug|Any CPU
		{43249F1E-5A80-476A-B625-37E8FA910FCC}.Release|Any CPU.ActiveCfg = Release|Any CPU
		{43249F1E-5A80-476A-B625-37E8FA910FCC}.Release|Any CPU.Build.0 = Release|Any CPU
		{50070C98-B798-48EA-AC81-39E5E1591D9B}.Debug|Any CPU.ActiveCfg = Debug|Any CPU
		{50070C98-B798-48EA-AC81-39E5E1591D9B}.Debug|Any CPU.Build.0 = Debug|Any CPU
		{50070C98-B798-48EA-AC81-39E5E1591D9B}.Release|Any CPU.ActiveCfg = Release|Any CPU
		{50070C98-B798-48EA-AC81-39E5E1591D9B}.Release|Any CPU.Build.0 = Release|Any CPU
		{443D28E2-99C6-4348-B1F3-BBD752B3DAB2}.Debug|Any CPU.ActiveCfg = Debug|Any CPU
		{443D28E2-99C6-4348-B1F3-BBD752B3DAB2}.Debug|Any CPU.Build.0 = Debug|Any CPU
		{443D28E2-99C6-4348-B1F3-BBD752B3DAB2}.Release|Any CPU.ActiveCfg = Release|Any CPU
		{443D28E2-99C6-4348-B1F3-BBD752B3DAB2}.Release|Any CPU.Build.0 = Release|Any CPU
	EndGlobalSection
	GlobalSection(SolutionProperties) = preSolution
		HideSolutionNode = FALSE
	EndGlobalSection
	GlobalSection(ExtensibilityGlobals) = postSolution
		SolutionGuid = {AF667CBB-184E-494D-B490-B6F25D8B7761}
	EndGlobalSection
EndGlobal
